
Microsoft Visual Studio Solution File, Format Version 12.00
# Visual Studio 2013
VisualStudioVersion = 12.0.40629.0
MinimumVisualStudioVersion = 10.0.40219.1
Project("{FAE04EC0-301F-11D3-BF4B-00C04F79EFBC}") = "Emotional", "Emotional\Emotional.csproj", "{4226CE5F-117E-4C4D-9A67-7805A3B81020}"
EndProject
Project("{FAE04EC0-301F-11D3-BF4B-00C04F79EFBC}") = "DataStore", "DataStore\DataStore.csproj", "{ED17B55B-A66A-4634-8EDE-1CC40FCD85D2}"
EndProject
Project("{00D1A9C2-B5F0-4AF3-8072-F6C62B433612}") = "EmotionDb", "EmotionDb\EmotionDb.sqlproj", "{C9CCF9E2-CF8F-45B1-93BB-F1200DFA6A93}"
EndProject
Project("{FAE04EC0-301F-11D3-BF4B-00C04F79EFBC}") = "EmotionalModels", "EmotionalModels\EmotionalModels.csproj", "{A17B5861-ADB8-44EA-8E21-FE08E46F7B27}"
EndProject
Project("{2150E333-8FDC-42A3-9474-1A3956D46DE8}") = "Tests", "Tests", "{022C5E26-5BA3-4FAD-AFB6-E2D79D0E65D0}"
EndProject
Project("{FAE04EC0-301F-11D3-BF4B-00C04F79EFBC}") = "EmotionalTest", "EmotionalTest\EmotionalTest.csproj", "{92445BD9-6BA3-486B-81EA-FEA83EBC9B72}"
EndProject
Project("{FAE04EC0-301F-11D3-BF4B-00C04F79EFBC}") = "WPFMediaPlayer", "WPFMediaPlayer\WPFMediaPlayer.csproj", "{E204E1A2-185F-44A5-BAEF-53E9740E449D}"
EndProject
Project("{FAE04EC0-301F-11D3-BF4B-00C04F79EFBC}") = "WebCam", "WebCam\WebCam.csproj", "{E141FF70-CAC2-412C-ABAE-62CCCAE929F0}"
EndProject
Project("{FAE04EC0-301F-11D3-BF4B-00C04F79EFBC}") = "CamEmoOrc", "CamEmoOrc\CamEmoOrc.csproj", "{5055CEBD-8BA1-4C30-B67F-9B7052250430}"
	ProjectSection(ProjectDependencies) = postProject
		{ED17B55B-A66A-4634-8EDE-1CC40FCD85D2} = {ED17B55B-A66A-4634-8EDE-1CC40FCD85D2}
		{C9CCF9E2-CF8F-45B1-93BB-F1200DFA6A93} = {C9CCF9E2-CF8F-45B1-93BB-F1200DFA6A93}
	EndProjectSection
EndProject
Project("{FAE04EC0-301F-11D3-BF4B-00C04F79EFBC}") = "Visualization", "Visualization\Visualization.csproj", "{FC7A4DB3-D35C-4045-A613-82217B2EC442}"
EndProject
Project("{FAE04EC0-301F-11D3-BF4B-00C04F79EFBC}") = "RuntimeVisualization", "RuntimeVisualization\RuntimeVisualization.csproj", "{86754C6E-2B33-4AA3-9059-807A1975E028}"
EndProject
Project("{FAE04EC0-301F-11D3-BF4B-00C04F79EFBC}") = "SliderPlaybackVisualization", "ScrollBarVisualization\SliderPlaybackVisualization.csproj", "{6017653D-A9BE-427C-8F11-6EA975D94C4B}"
EndProject
Global
	GlobalSection(SolutionConfigurationPlatforms) = preSolution
		Debug|Any CPU = Debug|Any CPU
		Release|Any CPU = Release|Any CPU
	EndGlobalSection
	GlobalSection(ProjectConfigurationPlatforms) = postSolution
		{4226CE5F-117E-4C4D-9A67-7805A3B81020}.Debug|Any CPU.ActiveCfg = Debug|Any CPU
		{4226CE5F-117E-4C4D-9A67-7805A3B81020}.Debug|Any CPU.Build.0 = Debug|Any CPU
		{4226CE5F-117E-4C4D-9A67-7805A3B81020}.Release|Any CPU.ActiveCfg = Release|Any CPU
		{4226CE5F-117E-4C4D-9A67-7805A3B81020}.Release|Any CPU.Build.0 = Release|Any CPU
		{ED17B55B-A66A-4634-8EDE-1CC40FCD85D2}.Debug|Any CPU.ActiveCfg = Debug|Any CPU
		{ED17B55B-A66A-4634-8EDE-1CC40FCD85D2}.Debug|Any CPU.Build.0 = Debug|Any CPU
		{ED17B55B-A66A-4634-8EDE-1CC40FCD85D2}.Release|Any CPU.ActiveCfg = Release|Any CPU
		{ED17B55B-A66A-4634-8EDE-1CC40FCD85D2}.Release|Any CPU.Build.0 = Release|Any CPU
		{C9CCF9E2-CF8F-45B1-93BB-F1200DFA6A93}.Debug|Any CPU.ActiveCfg = Debug|Any CPU
		{C9CCF9E2-CF8F-45B1-93BB-F1200DFA6A93}.Debug|Any CPU.Build.0 = Debug|Any CPU
		{C9CCF9E2-CF8F-45B1-93BB-F1200DFA6A93}.Release|Any CPU.ActiveCfg = Release|Any CPU
		{C9CCF9E2-CF8F-45B1-93BB-F1200DFA6A93}.Release|Any CPU.Build.0 = Release|Any CPU
		{C9CCF9E2-CF8F-45B1-93BB-F1200DFA6A93}.Release|Any CPU.Deploy.0 = Release|Any CPU
		{A17B5861-ADB8-44EA-8E21-FE08E46F7B27}.Debug|Any CPU.ActiveCfg = Debug|Any CPU
		{A17B5861-ADB8-44EA-8E21-FE08E46F7B27}.Debug|Any CPU.Build.0 = Debug|Any CPU
		{A17B5861-ADB8-44EA-8E21-FE08E46F7B27}.Release|Any CPU.ActiveCfg = Release|Any CPU
		{A17B5861-ADB8-44EA-8E21-FE08E46F7B27}.Release|Any CPU.Build.0 = Release|Any CPU
		{92445BD9-6BA3-486B-81EA-FEA83EBC9B72}.Debug|Any CPU.ActiveCfg = Debug|Any CPU
		{92445BD9-6BA3-486B-81EA-FEA83EBC9B72}.Debug|Any CPU.Build.0 = Debug|Any CPU
		{92445BD9-6BA3-486B-81EA-FEA83EBC9B72}.Release|Any CPU.ActiveCfg = Release|Any CPU
		{92445BD9-6BA3-486B-81EA-FEA83EBC9B72}.Release|Any CPU.Build.0 = Release|Any CPU
		{E204E1A2-185F-44A5-BAEF-53E9740E449D}.Debug|Any CPU.ActiveCfg = Debug|Any CPU
		{E204E1A2-185F-44A5-BAEF-53E9740E449D}.Debug|Any CPU.Build.0 = Debug|Any CPU
		{E204E1A2-185F-44A5-BAEF-53E9740E449D}.Release|Any CPU.ActiveCfg = Release|Any CPU
		{E204E1A2-185F-44A5-BAEF-53E9740E449D}.Release|Any CPU.Build.0 = Release|Any CPU
		{E141FF70-CAC2-412C-ABAE-62CCCAE929F0}.Debug|Any CPU.ActiveCfg = Debug|Any CPU
		{E141FF70-CAC2-412C-ABAE-62CCCAE929F0}.Debug|Any CPU.Build.0 = Debug|Any CPU
		{E141FF70-CAC2-412C-ABAE-62CCCAE929F0}.Release|Any CPU.ActiveCfg = Release|Any CPU
		{E141FF70-CAC2-412C-ABAE-62CCCAE929F0}.Release|Any CPU.Build.0 = Release|Any CPU
		{5055CEBD-8BA1-4C30-B67F-9B7052250430}.Debug|Any CPU.ActiveCfg = Debug|Any CPU
		{5055CEBD-8BA1-4C30-B67F-9B7052250430}.Debug|Any CPU.Build.0 = Debug|Any CPU
		{5055CEBD-8BA1-4C30-B67F-9B7052250430}.Release|Any CPU.ActiveCfg = Release|Any CPU
		{5055CEBD-8BA1-4C30-B67F-9B7052250430}.Release|Any CPU.Build.0 = Release|Any CPU
		{FC7A4DB3-D35C-4045-A613-82217B2EC442}.Debug|Any CPU.ActiveCfg = Debug|Any CPU
		{FC7A4DB3-D35C-4045-A613-82217B2EC442}.Debug|Any CPU.Build.0 = Debug|Any CPU
		{FC7A4DB3-D35C-4045-A613-82217B2EC442}.Release|Any CPU.ActiveCfg = Release|Any CPU
		{FC7A4DB3-D35C-4045-A613-82217B2EC442}.Release|Any CPU.Build.0 = Release|Any CPU
		{86754C6E-2B33-4AA3-9059-807A1975E028}.Debug|Any CPU.ActiveCfg = Debug|Any CPU
		{86754C6E-2B33-4AA3-9059-807A1975E028}.Debug|Any CPU.Build.0 = Debug|Any CPU
		{86754C6E-2B33-4AA3-9059-807A1975E028}.Release|Any CPU.ActiveCfg = Release|Any CPU
		{86754C6E-2B33-4AA3-9059-807A1975E028}.Release|Any CPU.Build.0 = Release|Any CPU
		{6017653D-A9BE-427C-8F11-6EA975D94C4B}.Debug|Any CPU.ActiveCfg = Debug|Any CPU
		{6017653D-A9BE-427C-8F11-6EA975D94C4B}.Debug|Any CPU.Build.0 = Debug|Any CPU
		{6017653D-A9BE-427C-8F11-6EA975D94C4B}.Release|Any CPU.ActiveCfg = Release|Any CPU
		{6017653D-A9BE-427C-8F11-6EA975D94C4B}.Release|Any CPU.Build.0 = Release|Any CPU
	EndGlobalSection
	GlobalSection(SolutionProperties) = preSolution
		HideSolutionNode = FALSE
	EndGlobalSection
	GlobalSection(NestedProjects) = preSolution
		{92445BD9-6BA3-486B-81EA-FEA83EBC9B72} = {022C5E26-5BA3-4FAD-AFB6-E2D79D0E65D0}
	EndGlobalSection
EndGlobal
